# This file is automatically @generated by Cargo.
# It is not intended for manual editing.
[[package]]
name = "bindings"
version = "0.1.0"
dependencies = [
 "windows",
]

[[package]]
name = "const-sha1"
version = "0.2.0"
source = "registry+https://github.com/rust-lang/crates.io-index"
checksum = "fb58b6451e8c2a812ad979ed1d83378caa5e927eef2622017a45f251457c2c9d"

[[package]]
name = "proc-macro2"
version = "1.0.24"
source = "registry+https://github.com/rust-lang/crates.io-index"
checksum = "1e0704ee1a7e00d7bb417d0770ea303c1bccbabf0ef1667dae92b5967f5f8a71"
dependencies = [
 "unicode-xid",
]

[[package]]
name = "quote"
version = "1.0.8"
source = "registry+https://github.com/rust-lang/crates.io-index"
checksum = "991431c3519a3f36861882da93630ce66b52918dcf1b8e2fd66b397fc96f28df"
dependencies = [
 "proc-macro2",
]

[[package]]
name = "squote"
version = "0.1.2"
source = "registry+https://github.com/rust-lang/crates.io-index"
checksum = "1fccf17fd09e2455ea796d2ad267b64fa2c5cbd8701b2a93b555d2aa73449f7d"

[[package]]
name = "syn"
version = "1.0.60"
source = "registry+https://github.com/rust-lang/crates.io-index"
checksum = "c700597eca8a5a762beb35753ef6b94df201c81cca676604f547495a0d7f0081"
dependencies = [
 "proc-macro2",
 "quote",
 "unicode-xid",
]

[[package]]
name = "unicode-xid"
version = "0.2.1"
source = "registry+https://github.com/rust-lang/crates.io-index"
checksum = "f7fe0bb3479651439c9112f72b6c505038574c9fbb575ed1bf3b797fa39dd564"

[[package]]
name = "windows"
version = "0.3.1"
source = "registry+https://github.com/rust-lang/crates.io-index"
checksum = "426842497696b65fbfc575691d94ef65befb248ed1a8c4361e293c724e7ebe61"
dependencies = [
 "const-sha1",
 "windows_gen",
 "windows_macros",
 "windows_winmd",
]

[[package]]
name = "windows_gen"
version = "0.3.1"
source = "registry+https://github.com/rust-lang/crates.io-index"
checksum = "77ac8f0f06b647f42ee5459a8e1ffe41795647582c5926ec3fa363a91aad7d77"
dependencies = [
 "proc-macro2",
 "quote",
 "squote",
 "syn",
 "windows_gen_macros",
 "windows_winmd",
]

[[package]]
name = "windows_gen_macros"
version = "0.3.1"
source = "registry+https://github.com/rust-lang/crates.io-index"
checksum = "23eac2169a20173b890c496f9e0e1149a92ef29fe4ba96026b72eec363b993f9"
dependencies = [
 "proc-macro2",
 "quote",
 "syn",
]

[[package]]
name = "windows_macros"
version = "0.3.1"
source = "registry+https://github.com/rust-lang/crates.io-index"
checksum = "9edc57c944eec106c7823b425ab0fd9f90163489e50a4df747f65fcf9030e1fb"
dependencies = [
 "proc-macro2",
 "quote",
 "squote",
 "syn",
 "windows_gen",
 "windows_winmd",
]

[[package]]
name = "windows_winmd"
version = "0.3.1"
source = "registry+https://github.com/rust-lang/crates.io-index"
checksum = "16d44527d04c9713312ed598f5d6ce3c453754dbfc03ddc376615be4415ffc88"
dependencies = [
 "windows_winmd_macros",
]

[[package]]
name = "windows_winmd_macros"
version = "0.3.1"
source = "registry+https://github.com/rust-lang/crates.io-index"
checksum = "2353f43f512938450614a176abf2b6cb31ac3b84fd71c88470fee571303e3f36"
dependencies = [
 "proc-macro2",
 "quote",
 "syn",
]
